
Microsoft Visual Studio Solution File, Format Version 12.00
# Visual Studio Version 17
VisualStudioVersion = 17.5.33627.172
MinimumVisualStudioVersion = 10.0.40219.1
Project("{FAE04EC0-301F-11D3-BF4B-00C04F79EFBC}") = "Issue15131", "Issue15131\Issue15131.csproj", "{71D6A899-8343-408A-8E90-F194DC74AF53}"
EndProject
Global
	GlobalSection(SolutionConfigurationPlatforms) = preSolution
		Debug|Any CPU = Debug|Any CPU
		Release|Any CPU = Release|Any CPU
	EndGlobalSection
	GlobalSection(ProjectConfigurationPlatforms) = postSolution
		{71D6A899-8343-408A-8E90-F194DC74AF53}.Debug|Any CPU.ActiveCfg = Debug|Any CPU
		{71D6A899-8343-408A-8E90-F194DC74AF53}.Debug|Any CPU.Build.0 = Debug|Any CPU
		{71D6A899-8343-408A-8E90-F194DC74AF53}.Release|Any CPU.ActiveCfg = Release|Any CPU
		{71D6A899-8343-408A-8E90-F194DC74AF53}.Release|Any CPU.Build.0 = Release|Any CPU
	EndGlobalSection
	GlobalSection(SolutionProperties) = preSolution
		HideSolutionNode = FALSE
	EndGlobalSection
	GlobalSection(ExtensibilityGlobals) = postSolution
		SolutionGuid = {B907D990-DD93-4B52-945D-A99971509FDD}
	EndGlobalSection
EndGlobal
